
Microsoft Visual Studio Solution File, Format Version 12.00
# Visual Studio 15
VisualStudioVersion = 15.0.27130.2010
MinimumVisualStudioVersion = 10.0.40219.1
Project("{FAE04EC0-301F-11D3-BF4B-00C04F79EFBC}") = "ToolHelp32ConsoleApp", "ToolHelp32ConsoleApp\ToolHelp32ConsoleApp.csproj", "{99E9F496-30D6-493D-BEFD-A224EC83FB6C}"
EndProject
Global
	GlobalSection(SolutionConfigurationPlatforms) = preSolution
		Debug|Any CPU = Debug|Any CPU
		Release|Any CPU = Release|Any CPU
	EndGlobalSection
	GlobalSection(ProjectConfigurationPlatforms) = postSolution
		{99E9F496-30D6-493D-BEFD-A224EC83FB6C}.Debug|Any CPU.ActiveCfg = Debug|Any CPU
		{99E9F496-30D6-493D-BEFD-A224EC83FB6C}.Debug|Any CPU.Build.0 = Debug|Any CPU
		{99E9F496-30D6-493D-BEFD-A224EC83FB6C}.Release|Any CPU.ActiveCfg = Release|Any CPU
		{99E9F496-30D6-493D-BEFD-A224EC83FB6C}.Release|Any CPU.Build.0 = Release|Any CPU
	EndGlobalSection
	GlobalSection(SolutionProperties) = preSolution
		HideSolutionNode = FALSE
	EndGlobalSection
	GlobalSection(ExtensibilityGlobals) = postSolution
		SolutionGuid = {A3DB5A63-26F3-4ED6-B4D7-0E93C5C22108}
	EndGlobalSection
EndGlobal
